
Microsoft Visual Studio Solution File, Format Version 12.00
# Visual Studio Version 17
VisualStudioVersion = 17.14.36623.8 d17.14
MinimumVisualStudioVersion = 10.0.40219.1
Project("{FAE04EC0-301F-11D3-BF4B-00C04F79EFBC}") = "AsyncRestouran", "AsyncRestouran.csproj", "{082A7F1B-68CD-4913-80AB-63671C6BBD47}"
EndProject
Project("{FAE04EC0-301F-11D3-BF4B-00C04F79EFBC}") = "UnitTest", "..\UnitTest\UnitTest.csproj", "{27607F5D-A756-4154-BD9A-47AC3184F467}"
EndProject
Global
	GlobalSection(SolutionConfigurationPlatforms) = preSolution
		Debug|Any CPU = Debug|Any CPU
		Release|Any CPU = Release|Any CPU
	EndGlobalSection
	GlobalSection(ProjectConfigurationPlatforms) = postSolution
		{082A7F1B-68CD-4913-80AB-63671C6BBD47}.Debug|Any CPU.ActiveCfg = Debug|Any CPU
		{082A7F1B-68CD-4913-80AB-63671C6BBD47}.Debug|Any CPU.Build.0 = Debug|Any CPU
		{082A7F1B-68CD-4913-80AB-63671C6BBD47}.Release|Any CPU.ActiveCfg = Release|Any CPU
		{082A7F1B-68CD-4913-80AB-63671C6BBD47}.Release|Any CPU.Build.0 = Release|Any CPU
		{27607F5D-A756-4154-BD9A-47AC3184F467}.Debug|Any CPU.ActiveCfg = Debug|Any CPU
		{27607F5D-A756-4154-BD9A-47AC3184F467}.Debug|Any CPU.Build.0 = Debug|Any CPU
		{27607F5D-A756-4154-BD9A-47AC3184F467}.Release|Any CPU.ActiveCfg = Release|Any CPU
		{27607F5D-A756-4154-BD9A-47AC3184F467}.Release|Any CPU.Build.0 = Release|Any CPU
	EndGlobalSection
	GlobalSection(SolutionProperties) = preSolution
		HideSolutionNode = FALSE
	EndGlobalSection
	GlobalSection(ExtensibilityGlobals) = postSolution
		SolutionGuid = {6FB953ED-176E-498B-BB6D-C7E57F3BC61D}
	EndGlobalSection
EndGlobal
